
Microsoft Visual Studio Solution File, Format Version 12.00
# Visual Studio 15
VisualStudioVersion = 15.0.28010.2050
MinimumVisualStudioVersion = 10.0.40219.1
Project("{FAE04EC0-301F-11D3-BF4B-00C04F79EFBC}") = "TestDrive.Android", "TestDrive\TestDrive.Android\TestDrive.Android.csproj", "{C96153E9-D5DD-4553-99E6-4449932D7094}"
EndProject
Project("{FAE04EC0-301F-11D3-BF4B-00C04F79EFBC}") = "TestDrive.iOS", "TestDrive\TestDrive.iOS\TestDrive.iOS.csproj", "{4653303D-1109-42C6-88C9-12ED1EF5AEB6}"
EndProject
Project("{FAE04EC0-301F-11D3-BF4B-00C04F79EFBC}") = "TestDrive", "TestDrive\TestDrive\TestDrive.csproj", "{BA774D36-6E44-46CF-86E1-4F433CB7D11E}"
EndProject
Global
	GlobalSection(SolutionConfigurationPlatforms) = preSolution
		Ad-Hoc|Any CPU = Ad-Hoc|Any CPU
		Ad-Hoc|iPhone = Ad-Hoc|iPhone
		Ad-Hoc|iPhoneSimulator = Ad-Hoc|iPhoneSimulator
		AppStore|Any CPU = AppStore|Any CPU
		AppStore|iPhone = AppStore|iPhone
		AppStore|iPhoneSimulator = AppStore|iPhoneSimulator
		Debug|Any CPU = Debug|Any CPU
		Debug|iPhone = Debug|iPhone
		Debug|iPhoneSimulator = Debug|iPhoneSimulator
		Release|Any CPU = Release|Any CPU
		Release|iPhone = Release|iPhone
		Release|iPhoneSimulator = Release|iPhoneSimulator
	EndGlobalSection
	GlobalSection(ProjectConfigurationPlatforms) = postSolution
		{C96153E9-D5DD-4553-99E6-4449932D7094}.Ad-Hoc|Any CPU.ActiveCfg = Release|Any CPU
		{C96153E9-D5DD-4553-99E6-4449932D7094}.Ad-Hoc|Any CPU.Build.0 = Release|Any CPU
		{C96153E9-D5DD-4553-99E6-4449932D7094}.Ad-Hoc|Any CPU.Deploy.0 = Release|Any CPU
		{C96153E9-D5DD-4553-99E6-4449932D7094}.Ad-Hoc|iPhone.ActiveCfg = Release|Any CPU
		{C96153E9-D5DD-4553-99E6-4449932D7094}.Ad-Hoc|iPhone.Build.0 = Release|Any CPU
		{C96153E9-D5DD-4553-99E6-4449932D7094}.Ad-Hoc|iPhone.Deploy.0 = Release|Any CPU
		{C96153E9-D5DD-4553-99E6-4449932D7094}.Ad-Hoc|iPhoneSimulator.ActiveCfg = Release|Any CPU
		{C96153E9-D5DD-4553-99E6-4449932D7094}.Ad-Hoc|iPhoneSimulator.Build.0 = Release|Any CPU
		{C96153E9-D5DD-4553-99E6-4449932D7094}.Ad-Hoc|iPhoneSimulator.Deploy.0 = Release|Any CPU
		{C96153E9-D5DD-4553-99E6-4449932D7094}.AppStore|Any CPU.ActiveCfg = Release|Any CPU
		{C96153E9-D5DD-4553-99E6-4449932D7094}.AppStore|Any CPU.Build.0 = Release|Any CPU
		{C96153E9-D5DD-4553-99E6-4449932D7094}.AppStore|Any CPU.Deploy.0 = Release|Any CPU
		{C96153E9-D5DD-4553-99E6-4449932D7094}.AppStore|iPhone.ActiveCfg = Release|Any CPU
		{C96153E9-D5DD-4553-99E6-4449932D7094}.AppStore|iPhone.Build.0 = Release|Any CPU
		{C96153E9-D5DD-4553-99E6-4449932D7094}.AppStore|iPhone.Deploy.0 = Release|Any CPU
		{C96153E9-D5DD-4553-99E6-4449932D7094}.AppStore|iPhoneSimulator.ActiveCfg = Release|Any CPU
		{C96153E9-D5DD-4553-99E6-4449932D7094}.AppStore|iPhoneSimulator.Build.0 = Release|Any CPU
		{C96153E9-D5DD-4553-99E6-4449932D7094}.AppStore|iPhoneSimulator.Deploy.0 = Release|Any CPU
		{C96153E9-D5DD-4553-99E6-4449932D7094}.Debug|Any CPU.ActiveCfg = Debug|Any CPU
		{C96153E9-D5DD-4553-99E6-4449932D7094}.Debug|Any CPU.Build.0 = Debug|Any CPU
		{C96153E9-D5DD-4553-99E6-4449932D7094}.Debug|Any CPU.Deploy.0 = Debug|Any CPU
		{C96153E9-D5DD-4553-99E6-4449932D7094}.Debug|iPhone.ActiveCfg = Debug|Any CPU
		{C96153E9-D5DD-4553-99E6-4449932D7094}.Debug|iPhone.Build.0 = Debug|Any CPU
		{C96153E9-D5DD-4553-99E6-4449932D7094}.Debug|iPhone.Deploy.0 = Debug|Any CPU
		{C96153E9-D5DD-4553-99E6-4449932D7094}.Debug|iPhoneSimulator.ActiveCfg = Debug|Any CPU
		{C96153E9-D5DD-4553-99E6-4449932D7094}.Debug|iPhoneSimulator.Build.0 = Debug|Any CPU
		{C96153E9-D5DD-4553-99E6-4449932D7094}.Debug|iPhoneSimulator.Deploy.0 = Debug|Any CPU
		{C96153E9-D5DD-4553-99E6-4449932D7094}.Release|Any CPU.ActiveCfg = Release|Any CPU
		{C96153E9-D5DD-4553-99E6-4449932D7094}.Release|Any CPU.Build.0 = Release|Any CPU
		{C96153E9-D5DD-4553-99E6-4449932D7094}.Release|Any CPU.Deploy.0 = Release|Any CPU
		{C96153E9-D5DD-4553-99E6-4449932D7094}.Release|iPhone.ActiveCfg = Release|Any CPU
		{C96153E9-D5DD-4553-99E6-4449932D7094}.Release|iPhone.Build.0 = Release|Any CPU
		{C96153E9-D5DD-4553-99E6-4449932D7094}.Release|iPhone.Deploy.0 = Release|Any CPU
		{C96153E9-D5DD-4553-99E6-4449932D7094}.Release|iPhoneSimulator.ActiveCfg = Release|Any CPU
		{C96153E9-D5DD-4553-99E6-4449932D7094}.Release|iPhoneSimulator.Build.0 = Release|Any CPU
		{C96153E9-D5DD-4553-99E6-4449932D7094}.Release|iPhoneSimulator.Deploy.0 = Release|Any CPU
		{4653303D-1109-42C6-88C9-12ED1EF5AEB6}.Ad-Hoc|Any CPU.ActiveCfg = Ad-Hoc|iPhone
		{4653303D-1109-42C6-88C9-12ED1EF5AEB6}.Ad-Hoc|Any CPU.Build.0 = Ad-Hoc|iPhone
		{4653303D-1109-42C6-88C9-12ED1EF5AEB6}.Ad-Hoc|Any CPU.Deploy.0 = Ad-Hoc|iPhone
		{4653303D-1109-42C6-88C9-12ED1EF5AEB6}.Ad-Hoc|iPhone.ActiveCfg = Ad-Hoc|iPhone
		{4653303D-1109-42C6-88C9-12ED1EF5AEB6}.Ad-Hoc|iPhone.Build.0 = Ad-Hoc|iPhone
		{4653303D-1109-42C6-88C9-12ED1EF5AEB6}.Ad-Hoc|iPhone.Deploy.0 = Ad-Hoc|iPhone
		{4653303D-1109-42C6-88C9-12ED1EF5AEB6}.Ad-Hoc|iPhoneSimulator.ActiveCfg = Ad-Hoc|iPhoneSimulator
		{4653303D-1109-42C6-88C9-12ED1EF5AEB6}.Ad-Hoc|iPhoneSimulator.Build.0 = Ad-Hoc|iPhoneSimulator
		{4653303D-1109-42C6-88C9-12ED1EF5AEB6}.Ad-Hoc|iPhoneSimulator.Deploy.0 = Ad-Hoc|iPhoneSimulator
		{4653303D-1109-42C6-88C9-12ED1EF5AEB6}.AppStore|Any CPU.ActiveCfg = AppStore|iPhone
		{4653303D-1109-42C6-88C9-12ED1EF5AEB6}.AppStore|Any CPU.Build.0 = AppStore|iPhone
		{4653303D-1109-42C6-88C9-12ED1EF5AEB6}.AppStore|Any CPU.Deploy.0 = AppStore|iPhone
		{4653303D-1109-42C6-88C9-12ED1EF5AEB6}.AppStore|iPhone.ActiveCfg = AppStore|iPhone
		{4653303D-1109-42C6-88C9-12ED1EF5AEB6}.AppStore|iPhone.Build.0 = AppStore|iPhone
		{4653303D-1109-42C6-88C9-12ED1EF5AEB6}.AppStore|iPhone.Deploy.0 = AppStore|iPhone
		{4653303D-1109-42C6-88C9-12ED1EF5AEB6}.AppStore|iPhoneSimulator.ActiveCfg = AppStore|iPhoneSimulator
		{4653303D-1109-42C6-88C9-12ED1EF5AEB6}.AppStore|iPhoneSimulator.Build.0 = AppStore|iPhoneSimulator
		{4653303D-1109-42C6-88C9-12ED1EF5AEB6}.AppStore|iPhoneSimulator.Deploy.0 = AppStore|iPhoneSimulator
		{4653303D-1109-42C6-88C9-12ED1EF5AEB6}.Debug|Any CPU.ActiveCfg = Debug|iPhoneSimulator
		{4653303D-1109-42C6-88C9-12ED1EF5AEB6}.Debug|Any CPU.Deploy.0 = Debug|iPhoneSimulator
		{4653303D-1109-42C6-88C9-12ED1EF5AEB6}.Debug|iPhone.ActiveCfg = Debug|iPhone
		{4653303D-1109-42C6-88C9-12ED1EF5AEB6}.Debug|iPhone.Build.0 = Debug|iPhone
		{4653303D-1109-42C6-88C9-12ED1EF5AEB6}.Debug|iPhone.Deploy.0 = Debug|iPhone
		{4653303D-1109-42C6-88C9-12ED1EF5AEB6}.Debug|iPhoneSimulator.ActiveCfg = Debug|iPhoneSimulator
		{4653303D-1109-42C6-88C9-12ED1EF5AEB6}.Debug|iPhoneSimulator.Build.0 = Debug|iPhoneSimulator
		{4653303D-1109-42C6-88C9-12ED1EF5AEB6}.Debug|iPhoneSimulator.Deploy.0 = Debug|iPhoneSimulator
		{4653303D-1109-42C6-88C9-12ED1EF5AEB6}.Release|Any CPU.ActiveCfg = Release|iPhone
		{4653303D-1109-42C6-88C9-12ED1EF5AEB6}.Release|Any CPU.Build.0 = Release|iPhone
		{4653303D-1109-42C6-88C9-12ED1EF5AEB6}.Release|Any CPU.Deploy.0 = Release|iPhone
		{4653303D-1109-42C6-88C9-12ED1EF5AEB6}.Release|iPhone.ActiveCfg = Release|iPhone
		{4653303D-1109-42C6-88C9-12ED1EF5AEB6}.Release|iPhone.Build.0 = Release|iPhone
		{4653303D-1109-42C6-88C9-12ED1EF5AEB6}.Release|iPhone.Deploy.0 = Release|iPhone
		{4653303D-1109-42C6-88C9-12ED1EF5AEB6}.Release|iPhoneSimulator.ActiveCfg = Release|iPhoneSimulator
		{4653303D-1109-42C6-88C9-12ED1EF5AEB6}.Release|iPhoneSimulator.Build.0 = Release|iPhoneSimulator
		{4653303D-1109-42C6-88C9-12ED1EF5AEB6}.Release|iPhoneSimulator.Deploy.0 = Release|iPhoneSimulator
		{BA774D36-6E44-46CF-86E1-4F433CB7D11E}.Ad-Hoc|Any CPU.ActiveCfg = Debug|Any CPU
		{BA774D36-6E44-46CF-86E1-4F433CB7D11E}.Ad-Hoc|Any CPU.Build.0 = Debug|Any CPU
		{BA774D36-6E44-46CF-86E1-4F433CB7D11E}.Ad-Hoc|Any CPU.Deploy.0 = Debug|Any CPU
		{BA774D36-6E44-46CF-86E1-4F433CB7D11E}.Ad-Hoc|iPhone.ActiveCfg = Debug|Any CPU
		{BA774D36-6E44-46CF-86E1-4F433CB7D11E}.Ad-Hoc|iPhone.Build.0 = Debug|Any CPU
		{BA774D36-6E44-46CF-86E1-4F433CB7D11E}.Ad-Hoc|iPhone.Deploy.0 = Debug|Any CPU
		{BA774D36-6E44-46CF-86E1-4F433CB7D11E}.Ad-Hoc|iPhoneSimulator.ActiveCfg = Debug|Any CPU
		{BA774D36-6E44-46CF-86E1-4F433CB7D11E}.Ad-Hoc|iPhoneSimulator.Build.0 = Debug|Any CPU
		{BA774D36-6E44-46CF-86E1-4F433CB7D11E}.Ad-Hoc|iPhoneSimulator.Deploy.0 = Debug|Any CPU
		{BA774D36-6E44-46CF-86E1-4F433CB7D11E}.AppStore|Any CPU.ActiveCfg = Debug|Any CPU
		{BA774D36-6E44-46CF-86E1-4F433CB7D11E}.AppStore|Any CPU.Build.0 = Debug|Any CPU
		{BA774D36-6E44-46CF-86E1-4F433CB7D11E}.AppStore|Any CPU.Deploy.0 = Debug|Any CPU
		{BA774D36-6E44-46CF-86E1-4F433CB7D11E}.AppStore|iPhone.ActiveCfg = Debug|Any CPU
		{BA774D36-6E44-46CF-86E1-4F433CB7D11E}.AppStore|iPhone.Build.0 = Debug|Any CPU
		{BA774D36-6E44-46CF-86E1-4F433CB7D11E}.AppStore|iPhone.Deploy.0 = Debug|Any CPU
		{BA774D36-6E44-46CF-86E1-4F433CB7D11E}.AppStore|iPhoneSimulator.ActiveCfg = Debug|Any CPU
		{BA774D36-6E44-46CF-86E1-4F433CB7D11E}.AppStore|iPhoneSimulator.Build.0 = Debug|Any CPU
		{BA774D36-6E44-46CF-86E1-4F433CB7D11E}.AppStore|iPhoneSimulator.Deploy.0 = Debug|Any CPU
		{BA774D36-6E44-46CF-86E1-4F433CB7D11E}.Debug|Any CPU.ActiveCfg = Debug|Any CPU
		{BA774D36-6E44-46CF-86E1-4F433CB7D11E}.Debug|Any CPU.Build.0 = Debug|Any CPU
		{BA774D36-6E44-46CF-86E1-4F433CB7D11E}.Debug|Any CPU.Deploy.0 = Debug|Any CPU
		{BA774D36-6E44-46CF-86E1-4F433CB7D11E}.Debug|iPhone.ActiveCfg = Debug|Any CPU
		{BA774D36-6E44-46CF-86E1-4F433CB7D11E}.Debug|iPhone.Build.0 = Debug|Any CPU
		{BA774D36-6E44-46CF-86E1-4F433CB7D11E}.Debug|iPhone.Deploy.0 = Debug|Any CPU
		{BA774D36-6E44-46CF-86E1-4F433CB7D11E}.Debug|iPhoneSimulator.ActiveCfg = Debug|Any CPU
		{BA774D36-6E44-46CF-86E1-4F433CB7D11E}.Debug|iPhoneSimulator.Build.0 = Debug|Any CPU
		{BA774D36-6E44-46CF-86E1-4F433CB7D11E}.Debug|iPhoneSimulator.Deploy.0 = Debug|Any CPU
		{BA774D36-6E44-46CF-86E1-4F433CB7D11E}.Release|Any CPU.ActiveCfg = Release|Any CPU
		{BA774D36-6E44-46CF-86E1-4F433CB7D11E}.Release|Any CPU.Build.0 = Release|Any CPU
		{BA774D36-6E44-46CF-86E1-4F433CB7D11E}.Release|Any CPU.Deploy.0 = Release|Any CPU
		{BA774D36-6E44-46CF-86E1-4F433CB7D11E}.Release|iPhone.ActiveCfg = Release|Any CPU
		{BA774D36-6E44-46CF-86E1-4F433CB7D11E}.Release|iPhone.Build.0 = Release|Any CPU
		{BA774D36-6E44-46CF-86E1-4F433CB7D11E}.Release|iPhone.Deploy.0 = Release|Any CPU
		{BA774D36-6E44-46CF-86E1-4F433CB7D11E}.Release|iPhoneSimulator.ActiveCfg = Release|Any CPU
		{BA774D36-6E44-46CF-86E1-4F433CB7D11E}.Release|iPhoneSimulator.Build.0 = Release|Any CPU
		{BA774D36-6E44-46CF-86E1-4F433CB7D11E}.Release|iPhoneSimulator.Deploy.0 = Release|Any CPU
	EndGlobalSection
	GlobalSection(SolutionProperties) = preSolution
		HideSolutionNode = FALSE
	EndGlobalSection
	GlobalSection(ExtensibilityGlobals) = postSolution
		SolutionGuid = {EF934E45-C3FF-4EFC-930F-3B981687CDD9}
	EndGlobalSection
EndGlobal
