
Microsoft Visual Studio Solution File, Format Version 12.00
# Visual Studio 15
VisualStudioVersion = 15.0.27703.2042
MinimumVisualStudioVersion = 10.0.40219.1
Project("{2150E333-8FDC-42A3-9474-1A3956D46DE8}") = "Item 01-Serializacao", "Item 01-Serializacao", "{DD467373-BF0D-4BDD-9AEF-01F2A2241686}"
EndProject
Project("{2150E333-8FDC-42A3-9474-1A3956D46DE8}") = "Item 02-Colecoes", "Item 02-Colecoes", "{AF715DF9-49AD-4C7D-B28D-5178530C0299}"
EndProject
Project("{2150E333-8FDC-42A3-9474-1A3956D46DE8}") = "01.03-Binaria", "01.03-Binaria", "{02570EE9-A80C-4B20-8E6D-FA11D9D9770D}"
EndProject
Project("{2150E333-8FDC-42A3-9474-1A3956D46DE8}") = "01.05-Personalizada", "01.05-Personalizada", "{1A6B4B2E-A6EE-4E3F-9FDA-954E52EA3F48}"
EndProject
Project("{2150E333-8FDC-42A3-9474-1A3956D46DE8}") = "01.01-XML", "01.01-XML", "{F83DBB59-72E9-4E77-B4D6-C8644198FAF6}"
EndProject
Project("{2150E333-8FDC-42A3-9474-1A3956D46DE8}") = "01.02-JSON", "01.02-JSON", "{B2CDE0CE-99AF-4F85-85F3-9BB3CB3590F6}"
EndProject
Project("{2150E333-8FDC-42A3-9474-1A3956D46DE8}") = "01.04-Contrato", "01.04-Contrato", "{524688AC-D4EA-4578-B1B3-3AF7D33C5E90}"
EndProject
Project("{2150E333-8FDC-42A3-9474-1A3956D46DE8}") = "02.04-Dicionarios", "02.04-Dicionarios", "{E67CCB24-7E99-4213-BC1A-17011C5FF954}"
EndProject
Project("{2150E333-8FDC-42A3-9474-1A3956D46DE8}") = "02.01-Matrizes", "02.01-Matrizes", "{B526B5C7-7E62-4193-BDAB-C248B04F19FD}"
EndProject
Project("{2150E333-8FDC-42A3-9474-1A3956D46DE8}") = "02.02-Listas", "02.02-Listas", "{BAF2DF73-7479-463E-BD5A-71576D87BC15}"
EndProject
Project("{2150E333-8FDC-42A3-9474-1A3956D46DE8}") = "02.03-Conjuntos", "02.03-Conjuntos", "{8E84FA7E-2744-4733-AD1C-3F5FA1BE9858}"
EndProject
Project("{2150E333-8FDC-42A3-9474-1A3956D46DE8}") = "02.05-Filas", "02.05-Filas", "{7AB10419-3DEC-496E-84F4-C69F2728F8FF}"
EndProject
Project("{9A19103F-16F7-4668-BE54-9A1E7A4F7556}") = "01.01-XML", "01.01-XML\01.01-XML.csproj", "{715CEC58-1F4B-47C1-9CF6-A22A259DBB26}"
EndProject
Project("{FAE04EC0-301F-11D3-BF4B-00C04F79EFBC}") = "01.02-JSON", "01.02-JSON\01.02-JSON.csproj", "{A615278B-5817-42A1-AC9F-2E6619D28A91}"
EndProject
Project("{9A19103F-16F7-4668-BE54-9A1E7A4F7556}") = "01.03-Binaria", "01.03-Binaria\01.03-Binaria.csproj", "{D0FD0444-BFF4-40F0-93A4-776B5892BC6F}"
EndProject
Project("{9A19103F-16F7-4668-BE54-9A1E7A4F7556}") = "01.04-Contrato", "01.04-Contrato\01.04-Contrato.csproj", "{F7532C1C-F2C3-4F2C-A696-94A57D920CEF}"
EndProject
Project("{9A19103F-16F7-4668-BE54-9A1E7A4F7556}") = "01.05-Personalizada", "01.05-Personalizada\01.05-Personalizada.csproj", "{1D8FB475-FF9D-49C1-B55D-4FF546E925AB}"
EndProject
Project("{9A19103F-16F7-4668-BE54-9A1E7A4F7556}") = "02.01-Matrizes", "02.01-Matrizes\02.01-Matrizes.csproj", "{69FFB807-3876-4B10-A963-5167642B5A6F}"
EndProject
Project("{FAE04EC0-301F-11D3-BF4B-00C04F79EFBC}") = "02.02.1-Listas", "02.02.1-Listas\02.02.1-Listas.csproj", "{AE527EE5-A3B9-4FF3-B5E6-95EB4D129875}"
EndProject
Project("{FAE04EC0-301F-11D3-BF4B-00C04F79EFBC}") = "02.02-Listas", "02.02-Listas\02.02-Listas.csproj", "{09076397-3358-4E86-97B4-5837C0F85961}"
EndProject
Project("{9A19103F-16F7-4668-BE54-9A1E7A4F7556}") = "02.03-Conjuntos", "02.03-Conjuntos\02.03-Conjuntos.csproj", "{2600D601-68E8-4FA2-A95C-C9B43500E70C}"
EndProject
Project("{9A19103F-16F7-4668-BE54-9A1E7A4F7556}") = "02.04-Dicionarios", "02.04-Dicionarios\02.04-Dicionarios.csproj", "{F8A3CAC0-389C-4A6B-A5B2-07C00B9B4926}"
EndProject
Project("{9A19103F-16F7-4668-BE54-9A1E7A4F7556}") = "02.05-Filas", "02.05-Filas\02.05-Filas.csproj", "{4CE0E46B-C81F-4EC7-A04C-B456397C3211}"
EndProject
Project("{2150E333-8FDC-42A3-9474-1A3956D46DE8}") = "02.06-Personalizada", "02.06-Personalizada", "{70281B95-2FC0-4426-BCEB-C3C299E706DE}"
EndProject
Project("{9A19103F-16F7-4668-BE54-9A1E7A4F7556}") = "02.06-Personalizada", "02.06-Personalizada\02.06-Personalizada.csproj", "{D636D95A-9B0C-4475-96FF-5CC65ECBF043}"
EndProject
Global
	GlobalSection(SolutionConfigurationPlatforms) = preSolution
		Debug|Any CPU = Debug|Any CPU
		Release|Any CPU = Release|Any CPU
	EndGlobalSection
	GlobalSection(ProjectConfigurationPlatforms) = postSolution
		{715CEC58-1F4B-47C1-9CF6-A22A259DBB26}.Debug|Any CPU.ActiveCfg = Debug|Any CPU
		{715CEC58-1F4B-47C1-9CF6-A22A259DBB26}.Debug|Any CPU.Build.0 = Debug|Any CPU
		{715CEC58-1F4B-47C1-9CF6-A22A259DBB26}.Release|Any CPU.ActiveCfg = Release|Any CPU
		{715CEC58-1F4B-47C1-9CF6-A22A259DBB26}.Release|Any CPU.Build.0 = Release|Any CPU
		{A615278B-5817-42A1-AC9F-2E6619D28A91}.Debug|Any CPU.ActiveCfg = Debug|Any CPU
		{A615278B-5817-42A1-AC9F-2E6619D28A91}.Debug|Any CPU.Build.0 = Debug|Any CPU
		{A615278B-5817-42A1-AC9F-2E6619D28A91}.Release|Any CPU.ActiveCfg = Release|Any CPU
		{A615278B-5817-42A1-AC9F-2E6619D28A91}.Release|Any CPU.Build.0 = Release|Any CPU
		{D0FD0444-BFF4-40F0-93A4-776B5892BC6F}.Debug|Any CPU.ActiveCfg = Debug|Any CPU
		{D0FD0444-BFF4-40F0-93A4-776B5892BC6F}.Debug|Any CPU.Build.0 = Debug|Any CPU
		{D0FD0444-BFF4-40F0-93A4-776B5892BC6F}.Release|Any CPU.ActiveCfg = Release|Any CPU
		{D0FD0444-BFF4-40F0-93A4-776B5892BC6F}.Release|Any CPU.Build.0 = Release|Any CPU
		{F7532C1C-F2C3-4F2C-A696-94A57D920CEF}.Debug|Any CPU.ActiveCfg = Debug|Any CPU
		{F7532C1C-F2C3-4F2C-A696-94A57D920CEF}.Debug|Any CPU.Build.0 = Debug|Any CPU
		{F7532C1C-F2C3-4F2C-A696-94A57D920CEF}.Release|Any CPU.ActiveCfg = Release|Any CPU
		{F7532C1C-F2C3-4F2C-A696-94A57D920CEF}.Release|Any CPU.Build.0 = Release|Any CPU
		{1D8FB475-FF9D-49C1-B55D-4FF546E925AB}.Debug|Any CPU.ActiveCfg = Debug|Any CPU
		{1D8FB475-FF9D-49C1-B55D-4FF546E925AB}.Debug|Any CPU.Build.0 = Debug|Any CPU
		{1D8FB475-FF9D-49C1-B55D-4FF546E925AB}.Release|Any CPU.ActiveCfg = Release|Any CPU
		{1D8FB475-FF9D-49C1-B55D-4FF546E925AB}.Release|Any CPU.Build.0 = Release|Any CPU
		{69FFB807-3876-4B10-A963-5167642B5A6F}.Debug|Any CPU.ActiveCfg = Debug|Any CPU
		{69FFB807-3876-4B10-A963-5167642B5A6F}.Debug|Any CPU.Build.0 = Debug|Any CPU
		{69FFB807-3876-4B10-A963-5167642B5A6F}.Release|Any CPU.ActiveCfg = Release|Any CPU
		{69FFB807-3876-4B10-A963-5167642B5A6F}.Release|Any CPU.Build.0 = Release|Any CPU
		{F8A3CAC0-389C-4A6B-A5B2-07C00B9B4926}.Debug|Any CPU.ActiveCfg = Debug|Any CPU
		{F8A3CAC0-389C-4A6B-A5B2-07C00B9B4926}.Debug|Any CPU.Build.0 = Debug|Any CPU
		{F8A3CAC0-389C-4A6B-A5B2-07C00B9B4926}.Release|Any CPU.ActiveCfg = Release|Any CPU
		{F8A3CAC0-389C-4A6B-A5B2-07C00B9B4926}.Release|Any CPU.Build.0 = Release|Any CPU
		{2600D601-68E8-4FA2-A95C-C9B43500E70C}.Debug|Any CPU.ActiveCfg = Debug|Any CPU
		{2600D601-68E8-4FA2-A95C-C9B43500E70C}.Debug|Any CPU.Build.0 = Debug|Any CPU
		{2600D601-68E8-4FA2-A95C-C9B43500E70C}.Release|Any CPU.ActiveCfg = Release|Any CPU
		{2600D601-68E8-4FA2-A95C-C9B43500E70C}.Release|Any CPU.Build.0 = Release|Any CPU
		{4CE0E46B-C81F-4EC7-A04C-B456397C3211}.Debug|Any CPU.ActiveCfg = Debug|Any CPU
		{4CE0E46B-C81F-4EC7-A04C-B456397C3211}.Debug|Any CPU.Build.0 = Debug|Any CPU
		{4CE0E46B-C81F-4EC7-A04C-B456397C3211}.Release|Any CPU.ActiveCfg = Release|Any CPU
		{4CE0E46B-C81F-4EC7-A04C-B456397C3211}.Release|Any CPU.Build.0 = Release|Any CPU
		{D636D95A-9B0C-4475-96FF-5CC65ECBF043}.Debug|Any CPU.ActiveCfg = Debug|Any CPU
		{D636D95A-9B0C-4475-96FF-5CC65ECBF043}.Debug|Any CPU.Build.0 = Debug|Any CPU
		{D636D95A-9B0C-4475-96FF-5CC65ECBF043}.Release|Any CPU.ActiveCfg = Release|Any CPU
		{D636D95A-9B0C-4475-96FF-5CC65ECBF043}.Release|Any CPU.Build.0 = Release|Any CPU
		{AE527EE5-A3B9-4FF3-B5E6-95EB4D129875}.Debug|Any CPU.ActiveCfg = Debug|Any CPU
		{AE527EE5-A3B9-4FF3-B5E6-95EB4D129875}.Debug|Any CPU.Build.0 = Debug|Any CPU
		{AE527EE5-A3B9-4FF3-B5E6-95EB4D129875}.Release|Any CPU.ActiveCfg = Release|Any CPU
		{AE527EE5-A3B9-4FF3-B5E6-95EB4D129875}.Release|Any CPU.Build.0 = Release|Any CPU
		{09076397-3358-4E86-97B4-5837C0F85961}.Debug|Any CPU.ActiveCfg = Debug|Any CPU
		{09076397-3358-4E86-97B4-5837C0F85961}.Debug|Any CPU.Build.0 = Debug|Any CPU
		{09076397-3358-4E86-97B4-5837C0F85961}.Release|Any CPU.ActiveCfg = Release|Any CPU
		{09076397-3358-4E86-97B4-5837C0F85961}.Release|Any CPU.Build.0 = Release|Any CPU
	EndGlobalSection
	GlobalSection(SolutionProperties) = preSolution
		HideSolutionNode = FALSE
	EndGlobalSection
	GlobalSection(NestedProjects) = preSolution
		{02570EE9-A80C-4B20-8E6D-FA11D9D9770D} = {DD467373-BF0D-4BDD-9AEF-01F2A2241686}
		{1A6B4B2E-A6EE-4E3F-9FDA-954E52EA3F48} = {DD467373-BF0D-4BDD-9AEF-01F2A2241686}
		{F83DBB59-72E9-4E77-B4D6-C8644198FAF6} = {DD467373-BF0D-4BDD-9AEF-01F2A2241686}
		{B2CDE0CE-99AF-4F85-85F3-9BB3CB3590F6} = {DD467373-BF0D-4BDD-9AEF-01F2A2241686}
		{524688AC-D4EA-4578-B1B3-3AF7D33C5E90} = {DD467373-BF0D-4BDD-9AEF-01F2A2241686}
		{E67CCB24-7E99-4213-BC1A-17011C5FF954} = {AF715DF9-49AD-4C7D-B28D-5178530C0299}
		{B526B5C7-7E62-4193-BDAB-C248B04F19FD} = {AF715DF9-49AD-4C7D-B28D-5178530C0299}
		{BAF2DF73-7479-463E-BD5A-71576D87BC15} = {AF715DF9-49AD-4C7D-B28D-5178530C0299}
		{8E84FA7E-2744-4733-AD1C-3F5FA1BE9858} = {AF715DF9-49AD-4C7D-B28D-5178530C0299}
		{7AB10419-3DEC-496E-84F4-C69F2728F8FF} = {AF715DF9-49AD-4C7D-B28D-5178530C0299}
		{70281B95-2FC0-4426-BCEB-C3C299E706DE} = {AF715DF9-49AD-4C7D-B28D-5178530C0299}
		{715CEC58-1F4B-47C1-9CF6-A22A259DBB26} = {F83DBB59-72E9-4E77-B4D6-C8644198FAF6}
		{A615278B-5817-42A1-AC9F-2E6619D28A91} = {B2CDE0CE-99AF-4F85-85F3-9BB3CB3590F6}
		{D0FD0444-BFF4-40F0-93A4-776B5892BC6F} = {02570EE9-A80C-4B20-8E6D-FA11D9D9770D}
		{F7532C1C-F2C3-4F2C-A696-94A57D920CEF} = {524688AC-D4EA-4578-B1B3-3AF7D33C5E90}
		{1D8FB475-FF9D-49C1-B55D-4FF546E925AB} = {1A6B4B2E-A6EE-4E3F-9FDA-954E52EA3F48}
		{69FFB807-3876-4B10-A963-5167642B5A6F} = {B526B5C7-7E62-4193-BDAB-C248B04F19FD}
		{2600D601-68E8-4FA2-A95C-C9B43500E70C} = {8E84FA7E-2744-4733-AD1C-3F5FA1BE9858}
		{F8A3CAC0-389C-4A6B-A5B2-07C00B9B4926} = {E67CCB24-7E99-4213-BC1A-17011C5FF954}
		{4CE0E46B-C81F-4EC7-A04C-B456397C3211} = {7AB10419-3DEC-496E-84F4-C69F2728F8FF}
		{D636D95A-9B0C-4475-96FF-5CC65ECBF043} = {70281B95-2FC0-4426-BCEB-C3C299E706DE}
		{AE527EE5-A3B9-4FF3-B5E6-95EB4D129875} = {BAF2DF73-7479-463E-BD5A-71576D87BC15}
		{09076397-3358-4E86-97B4-5837C0F85961} = {BAF2DF73-7479-463E-BD5A-71576D87BC15}
	EndGlobalSection
	GlobalSection(ExtensibilityGlobals) = postSolution
		SolutionGuid = {CB746614-5028-424F-BE2D-071CEC5200A3}
	EndGlobalSection
EndGlobal
