
Microsoft Visual Studio Solution File, Format Version 12.00
# Visual Studio 15
VisualStudioVersion = 15.0.27703.2042
MinimumVisualStudioVersion = 10.0.40219.1
Project("{2150E333-8FDC-42A3-9474-1A3956D46DE8}") = "Item 01 - Ciclo de Vida de Objetos", "Item 01 - Ciclo de Vida de Objetos", "{6113BDE6-1CA5-406D-B452-9110A7F7CC0A}"
EndProject
Project("{9A19103F-16F7-4668-BE54-9A1E7A4F7556}") = "01.1.TiposDeValor", "Item 01\01.1.TiposDeValor\01.1.TiposDeValor.csproj", "{99C47D9B-E913-4466-93C5-5726E481CA0F}"
EndProject
Project("{9A19103F-16F7-4668-BE54-9A1E7A4F7556}") = "01.2.TiposDeReferencia", "Item 01\01.2.Coleta\01.2.TiposDeReferencia.csproj", "{B4758A02-3F53-41E0-9F86-052E58BE4604}"
EndProject
Project("{9A19103F-16F7-4668-BE54-9A1E7A4F7556}") = "01.3.Finalizador", "Item 01\01.3.Finalizador\01.3.Finalizador.csproj", "{6FA666A5-4F72-41B1-88A2-646FBE586B4C}"
EndProject
Project("{FAE04EC0-301F-11D3-BF4B-00C04F79EFBC}") = "01.4.IDisposable", "Item 01\01.4.IDisposable\01.4.IDisposable.csproj", "{CF5CA9CD-6720-4741-8800-460DEBF5A6DF}"
EndProject
Project("{2150E333-8FDC-42A3-9474-1A3956D46DE8}") = "Item 02 - Strings", "Item 02 - Strings", "{44248135-6DC1-42F6-9AB0-A23C702F46F1}"
EndProject
Project("{9A19103F-16F7-4668-BE54-9A1E7A4F7556}") = "02.1.string builder", "Item 02\02.1.string builder\02.1.string builder.csproj", "{25577BA5-7C49-4F9D-BC4E-9D2AE374662E}"
EndProject
Project("{9A19103F-16F7-4668-BE54-9A1E7A4F7556}") = "02.2.string reader", "Item 02\02.2.string reader\02.2.string reader.csproj", "{77907C34-7E33-4D79-966F-3712DB2F01E5}"
EndProject
Project("{9A19103F-16F7-4668-BE54-9A1E7A4F7556}") = "02.3.string writer", "Item 02\02.3.string writer\02.3.string writer.csproj", "{8BCE8257-25C6-40BB-8618-01F23D1DD293}"
EndProject
Project("{FAE04EC0-301F-11D3-BF4B-00C04F79EFBC}") = "02.4.pesquisa", "Item 02\02.4.pesquisa\02.4.pesquisa.csproj", "{DB819D35-D2AA-4F2E-BA60-2FA4F220325E}"
EndProject
Project("{9A19103F-16F7-4668-BE54-9A1E7A4F7556}") = "02.5.enumerar", "Item 02\02.5.enumerar\02.5.enumerar.csproj", "{6661D015-B921-4EB8-AB59-F49586E99CDB}"
EndProject
Project("{9A19103F-16F7-4668-BE54-9A1E7A4F7556}") = "02.6 formatar", "Item 02\02.6 formatar\02.6 formatar.csproj", "{C0DF594E-EBA6-4363-9306-9AD6E5B4B82F}"
EndProject
Project("{9A19103F-16F7-4668-BE54-9A1E7A4F7556}") = "02.7 interpolacao", "Item 02\02.7 interpolacao\02.7 interpolacao.csproj", "{30BDD527-4619-45A2-9036-467960C91AF4}"
EndProject
Global
	GlobalSection(SolutionConfigurationPlatforms) = preSolution
		Debug|Any CPU = Debug|Any CPU
		Release|Any CPU = Release|Any CPU
	EndGlobalSection
	GlobalSection(ProjectConfigurationPlatforms) = postSolution
		{99C47D9B-E913-4466-93C5-5726E481CA0F}.Debug|Any CPU.ActiveCfg = Debug|Any CPU
		{99C47D9B-E913-4466-93C5-5726E481CA0F}.Debug|Any CPU.Build.0 = Debug|Any CPU
		{99C47D9B-E913-4466-93C5-5726E481CA0F}.Release|Any CPU.ActiveCfg = Release|Any CPU
		{99C47D9B-E913-4466-93C5-5726E481CA0F}.Release|Any CPU.Build.0 = Release|Any CPU
		{B4758A02-3F53-41E0-9F86-052E58BE4604}.Debug|Any CPU.ActiveCfg = Debug|Any CPU
		{B4758A02-3F53-41E0-9F86-052E58BE4604}.Debug|Any CPU.Build.0 = Debug|Any CPU
		{B4758A02-3F53-41E0-9F86-052E58BE4604}.Release|Any CPU.ActiveCfg = Release|Any CPU
		{B4758A02-3F53-41E0-9F86-052E58BE4604}.Release|Any CPU.Build.0 = Release|Any CPU
		{6FA666A5-4F72-41B1-88A2-646FBE586B4C}.Debug|Any CPU.ActiveCfg = Debug|Any CPU
		{6FA666A5-4F72-41B1-88A2-646FBE586B4C}.Debug|Any CPU.Build.0 = Debug|Any CPU
		{6FA666A5-4F72-41B1-88A2-646FBE586B4C}.Release|Any CPU.ActiveCfg = Release|Any CPU
		{6FA666A5-4F72-41B1-88A2-646FBE586B4C}.Release|Any CPU.Build.0 = Release|Any CPU
		{CF5CA9CD-6720-4741-8800-460DEBF5A6DF}.Debug|Any CPU.ActiveCfg = Debug|Any CPU
		{CF5CA9CD-6720-4741-8800-460DEBF5A6DF}.Debug|Any CPU.Build.0 = Debug|Any CPU
		{CF5CA9CD-6720-4741-8800-460DEBF5A6DF}.Release|Any CPU.ActiveCfg = Release|Any CPU
		{CF5CA9CD-6720-4741-8800-460DEBF5A6DF}.Release|Any CPU.Build.0 = Release|Any CPU
		{25577BA5-7C49-4F9D-BC4E-9D2AE374662E}.Debug|Any CPU.ActiveCfg = Debug|Any CPU
		{25577BA5-7C49-4F9D-BC4E-9D2AE374662E}.Debug|Any CPU.Build.0 = Debug|Any CPU
		{25577BA5-7C49-4F9D-BC4E-9D2AE374662E}.Release|Any CPU.ActiveCfg = Release|Any CPU
		{25577BA5-7C49-4F9D-BC4E-9D2AE374662E}.Release|Any CPU.Build.0 = Release|Any CPU
		{77907C34-7E33-4D79-966F-3712DB2F01E5}.Debug|Any CPU.ActiveCfg = Debug|Any CPU
		{77907C34-7E33-4D79-966F-3712DB2F01E5}.Debug|Any CPU.Build.0 = Debug|Any CPU
		{77907C34-7E33-4D79-966F-3712DB2F01E5}.Release|Any CPU.ActiveCfg = Release|Any CPU
		{77907C34-7E33-4D79-966F-3712DB2F01E5}.Release|Any CPU.Build.0 = Release|Any CPU
		{8BCE8257-25C6-40BB-8618-01F23D1DD293}.Debug|Any CPU.ActiveCfg = Debug|Any CPU
		{8BCE8257-25C6-40BB-8618-01F23D1DD293}.Debug|Any CPU.Build.0 = Debug|Any CPU
		{8BCE8257-25C6-40BB-8618-01F23D1DD293}.Release|Any CPU.ActiveCfg = Release|Any CPU
		{8BCE8257-25C6-40BB-8618-01F23D1DD293}.Release|Any CPU.Build.0 = Release|Any CPU
		{DB819D35-D2AA-4F2E-BA60-2FA4F220325E}.Debug|Any CPU.ActiveCfg = Debug|Any CPU
		{DB819D35-D2AA-4F2E-BA60-2FA4F220325E}.Debug|Any CPU.Build.0 = Debug|Any CPU
		{DB819D35-D2AA-4F2E-BA60-2FA4F220325E}.Release|Any CPU.ActiveCfg = Release|Any CPU
		{DB819D35-D2AA-4F2E-BA60-2FA4F220325E}.Release|Any CPU.Build.0 = Release|Any CPU
		{6661D015-B921-4EB8-AB59-F49586E99CDB}.Debug|Any CPU.ActiveCfg = Debug|Any CPU
		{6661D015-B921-4EB8-AB59-F49586E99CDB}.Debug|Any CPU.Build.0 = Debug|Any CPU
		{6661D015-B921-4EB8-AB59-F49586E99CDB}.Release|Any CPU.ActiveCfg = Release|Any CPU
		{6661D015-B921-4EB8-AB59-F49586E99CDB}.Release|Any CPU.Build.0 = Release|Any CPU
		{C0DF594E-EBA6-4363-9306-9AD6E5B4B82F}.Debug|Any CPU.ActiveCfg = Debug|Any CPU
		{C0DF594E-EBA6-4363-9306-9AD6E5B4B82F}.Debug|Any CPU.Build.0 = Debug|Any CPU
		{C0DF594E-EBA6-4363-9306-9AD6E5B4B82F}.Release|Any CPU.ActiveCfg = Release|Any CPU
		{C0DF594E-EBA6-4363-9306-9AD6E5B4B82F}.Release|Any CPU.Build.0 = Release|Any CPU
		{30BDD527-4619-45A2-9036-467960C91AF4}.Debug|Any CPU.ActiveCfg = Debug|Any CPU
		{30BDD527-4619-45A2-9036-467960C91AF4}.Debug|Any CPU.Build.0 = Debug|Any CPU
		{30BDD527-4619-45A2-9036-467960C91AF4}.Release|Any CPU.ActiveCfg = Release|Any CPU
		{30BDD527-4619-45A2-9036-467960C91AF4}.Release|Any CPU.Build.0 = Release|Any CPU
	EndGlobalSection
	GlobalSection(SolutionProperties) = preSolution
		HideSolutionNode = FALSE
	EndGlobalSection
	GlobalSection(NestedProjects) = preSolution
		{99C47D9B-E913-4466-93C5-5726E481CA0F} = {6113BDE6-1CA5-406D-B452-9110A7F7CC0A}
		{B4758A02-3F53-41E0-9F86-052E58BE4604} = {6113BDE6-1CA5-406D-B452-9110A7F7CC0A}
		{6FA666A5-4F72-41B1-88A2-646FBE586B4C} = {6113BDE6-1CA5-406D-B452-9110A7F7CC0A}
		{CF5CA9CD-6720-4741-8800-460DEBF5A6DF} = {6113BDE6-1CA5-406D-B452-9110A7F7CC0A}
		{25577BA5-7C49-4F9D-BC4E-9D2AE374662E} = {44248135-6DC1-42F6-9AB0-A23C702F46F1}
		{77907C34-7E33-4D79-966F-3712DB2F01E5} = {44248135-6DC1-42F6-9AB0-A23C702F46F1}
		{8BCE8257-25C6-40BB-8618-01F23D1DD293} = {44248135-6DC1-42F6-9AB0-A23C702F46F1}
		{DB819D35-D2AA-4F2E-BA60-2FA4F220325E} = {44248135-6DC1-42F6-9AB0-A23C702F46F1}
		{6661D015-B921-4EB8-AB59-F49586E99CDB} = {44248135-6DC1-42F6-9AB0-A23C702F46F1}
		{C0DF594E-EBA6-4363-9306-9AD6E5B4B82F} = {44248135-6DC1-42F6-9AB0-A23C702F46F1}
		{30BDD527-4619-45A2-9036-467960C91AF4} = {44248135-6DC1-42F6-9AB0-A23C702F46F1}
	EndGlobalSection
	GlobalSection(ExtensibilityGlobals) = postSolution
		SolutionGuid = {8B21CBF6-2744-44CD-BB30-F7A0E1ABC766}
	EndGlobalSection
EndGlobal
