
Microsoft Visual Studio Solution File, Format Version 12.00
# Visual Studio 15
VisualStudioVersion = 15.0.27703.2035
MinimumVisualStudioVersion = 10.0.40219.1
Project("{FAE04EC0-301F-11D3-BF4B-00C04F79EFBC}") = "CursoDesignPatterns2", "CursoDesignPatterns2\CursoDesignPatterns2.csproj", "{44F628FB-05C0-4BD7-83D7-3A1726C671F4}"
EndProject
Global
	GlobalSection(SolutionConfigurationPlatforms) = preSolution
		Debug|Any CPU = Debug|Any CPU
		Release|Any CPU = Release|Any CPU
	EndGlobalSection
	GlobalSection(ProjectConfigurationPlatforms) = postSolution
		{44F628FB-05C0-4BD7-83D7-3A1726C671F4}.Debug|Any CPU.ActiveCfg = Debug|Any CPU
		{44F628FB-05C0-4BD7-83D7-3A1726C671F4}.Debug|Any CPU.Build.0 = Debug|Any CPU
		{44F628FB-05C0-4BD7-83D7-3A1726C671F4}.Release|Any CPU.ActiveCfg = Release|Any CPU
		{44F628FB-05C0-4BD7-83D7-3A1726C671F4}.Release|Any CPU.Build.0 = Release|Any CPU
	EndGlobalSection
	GlobalSection(SolutionProperties) = preSolution
		HideSolutionNode = FALSE
	EndGlobalSection
	GlobalSection(ExtensibilityGlobals) = postSolution
		SolutionGuid = {38DA2C78-78B6-4601-B82A-96A564E623D2}
	EndGlobalSection
EndGlobal
