
Microsoft Visual Studio Solution File, Format Version 12.00
# Visual Studio 15
VisualStudioVersion = 15.0.28010.2041
MinimumVisualStudioVersion = 10.0.40219.1
Project("{2150E333-8FDC-42A3-9474-1A3956D46DE8}") = "01 - Eventos", "01 - Eventos", "{39C0490E-1B72-42C2-8043-A3A398A4E5F8}"
EndProject
Project("{2150E333-8FDC-42A3-9474-1A3956D46DE8}") = "02 - LINQ", "02 - LINQ", "{1251E13E-E3F5-42F1-A998-60D096B86887}"
EndProject
Project("{2150E333-8FDC-42A3-9474-1A3956D46DE8}") = "01.01 - Criar Eventos", "01.01 - Criar Eventos", "{63C3432E-B18E-4843-B20F-BA985149B7CC}"
EndProject
Project("{2150E333-8FDC-42A3-9474-1A3956D46DE8}") = "01.02 - Assinar Eventos", "01.02 - Assinar Eventos", "{5A71E63B-51FD-4DAF-BCB0-DA3FE10F18A7}"
EndProject
Project("{2150E333-8FDC-42A3-9474-1A3956D46DE8}") = "01.03 - Delegados", "01.03 - Delegados", "{5C37735D-6AC9-437E-B840-C044CE83EB93}"
EndProject
Project("{2150E333-8FDC-42A3-9474-1A3956D46DE8}") = "01.04 - Lambda", "01.04 - Lambda", "{378CCCA9-1EB7-4C5F-9699-6AEB6451C74C}"
EndProject
Project("{2150E333-8FDC-42A3-9474-1A3956D46DE8}") = "02.01 - Consultar", "02.01 - Consultar", "{A41FF17C-4E04-4838-B7F5-FB8452669B57}"
EndProject
Project("{2150E333-8FDC-42A3-9474-1A3956D46DE8}") = "02.02 - Sintaxe de Consulta", "02.02 - Sintaxe de Consulta", "{DBB4E0D7-9DCE-4D70-93EF-BC7D645C9F9B}"
EndProject
Project("{2150E333-8FDC-42A3-9474-1A3956D46DE8}") = "02.04 - Forçar Execução", "02.04 - Forçar Execução", "{B9CE7BE5-6394-4096-AE55-4824502C92E1}"
EndProject
Project("{2150E333-8FDC-42A3-9474-1A3956D46DE8}") = "02.05 - LINQ to XML", "02.05 - LINQ to XML", "{CB3DFBF1-56B0-41F6-B744-FFED7E0EFE4E}"
EndProject
Project("{2150E333-8FDC-42A3-9474-1A3956D46DE8}") = "02.03 - Sintaxe de Método", "02.03 - Sintaxe de Método", "{7C65E95F-251C-49C5-835F-13F578A7E80C}"
EndProject
Project("{FAE04EC0-301F-11D3-BF4B-00C04F79EFBC}") = "01.01-CriarEventos", "01\01.01\01.01-CriarEventos.csproj", "{FEBA605A-6E5C-4004-933C-F8B86167F94D}"
EndProject
Project("{FAE04EC0-301F-11D3-BF4B-00C04F79EFBC}") = "01.02-AssinarEventos", "01\01.02\01.02-AssinarEventos.csproj", "{984C76DC-7773-42C2-B807-E26EFB6758D1}"
EndProject
Project("{FAE04EC0-301F-11D3-BF4B-00C04F79EFBC}") = "01.03-Delegados", "01\01.03\01.03-Delegados.csproj", "{7C16046C-6DDE-4203-A311-F5B06076E820}"
EndProject
Project("{FAE04EC0-301F-11D3-BF4B-00C04F79EFBC}") = "01.04-Lambda", "01\01.04\01.04-Lambda.csproj", "{92D60541-C361-46FC-A85F-D096BEE22132}"
EndProject
Project("{2150E333-8FDC-42A3-9474-1A3956D46DE8}") = "01.05 Function, Action e Predicate", "01.05 Function, Action e Predicate", "{9EF721B6-579F-48F6-AC47-F8FEB27694D0}"
EndProject
Project("{FAE04EC0-301F-11D3-BF4B-00C04F79EFBC}") = "01.05-Function-Action-Predicate", "01\01.05\01.05-Function-Action-Predicate.csproj", "{DCB53578-F58A-442E-9C7F-FD160482F464}"
EndProject
Project("{FAE04EC0-301F-11D3-BF4B-00C04F79EFBC}") = "02.01-Consultar", "02\02.01\02.01-Consultar.csproj", "{7EF2DD1B-4DF6-4265-92A9-C38BED785CA0}"
EndProject
Project("{FAE04EC0-301F-11D3-BF4B-00C04F79EFBC}") = "02.02-SintaxeDeConsulta", "02\02.02\02.02-SintaxeDeConsulta.csproj", "{D0DFE4E5-1CB3-45F0-8819-73BB4E1AEC93}"
EndProject
Project("{FAE04EC0-301F-11D3-BF4B-00C04F79EFBC}") = "02.03-SintaxeDeMetodo", "02\02.03\02.03-SintaxeDeMetodo.csproj", "{352C9CD4-B9D3-4480-A478-53DC3BDE0DD9}"
EndProject
Project("{FAE04EC0-301F-11D3-BF4B-00C04F79EFBC}") = "02.04-ForcarExecucao", "02\02.04\02.04-ForcarExecucao.csproj", "{607C0CBA-B9E2-4A8A-893D-3B363906B33C}"
EndProject
Project("{FAE04EC0-301F-11D3-BF4B-00C04F79EFBC}") = "02.05-LinqToXml", "02\02.05\02.05-LinqToXml.csproj", "{6BC0ED1A-2053-417D-A233-21E27576BC12}"
EndProject
Project("{2150E333-8FDC-42A3-9474-1A3956D46DE8}") = "02.06 - Consulta com XML", "02.06 - Consulta com XML", "{DD7CBD93-FC64-4F59-A5BE-D5B5BA96FF8F}"
EndProject
Project("{FAE04EC0-301F-11D3-BF4B-00C04F79EFBC}") = "02.06-ConsultaComXml", "02\02.06\02.06-ConsultaComXml.csproj", "{623DBEBB-5A4C-480F-8BA0-323AA7E4E6E7}"
EndProject
Global
	GlobalSection(SolutionConfigurationPlatforms) = preSolution
		Debug|Any CPU = Debug|Any CPU
		Release|Any CPU = Release|Any CPU
	EndGlobalSection
	GlobalSection(ProjectConfigurationPlatforms) = postSolution
		{FEBA605A-6E5C-4004-933C-F8B86167F94D}.Debug|Any CPU.ActiveCfg = Debug|Any CPU
		{FEBA605A-6E5C-4004-933C-F8B86167F94D}.Debug|Any CPU.Build.0 = Debug|Any CPU
		{FEBA605A-6E5C-4004-933C-F8B86167F94D}.Release|Any CPU.ActiveCfg = Release|Any CPU
		{FEBA605A-6E5C-4004-933C-F8B86167F94D}.Release|Any CPU.Build.0 = Release|Any CPU
		{984C76DC-7773-42C2-B807-E26EFB6758D1}.Debug|Any CPU.ActiveCfg = Debug|Any CPU
		{984C76DC-7773-42C2-B807-E26EFB6758D1}.Debug|Any CPU.Build.0 = Debug|Any CPU
		{984C76DC-7773-42C2-B807-E26EFB6758D1}.Release|Any CPU.ActiveCfg = Release|Any CPU
		{984C76DC-7773-42C2-B807-E26EFB6758D1}.Release|Any CPU.Build.0 = Release|Any CPU
		{7C16046C-6DDE-4203-A311-F5B06076E820}.Debug|Any CPU.ActiveCfg = Debug|Any CPU
		{7C16046C-6DDE-4203-A311-F5B06076E820}.Debug|Any CPU.Build.0 = Debug|Any CPU
		{7C16046C-6DDE-4203-A311-F5B06076E820}.Release|Any CPU.ActiveCfg = Release|Any CPU
		{7C16046C-6DDE-4203-A311-F5B06076E820}.Release|Any CPU.Build.0 = Release|Any CPU
		{92D60541-C361-46FC-A85F-D096BEE22132}.Debug|Any CPU.ActiveCfg = Debug|Any CPU
		{92D60541-C361-46FC-A85F-D096BEE22132}.Debug|Any CPU.Build.0 = Debug|Any CPU
		{92D60541-C361-46FC-A85F-D096BEE22132}.Release|Any CPU.ActiveCfg = Release|Any CPU
		{92D60541-C361-46FC-A85F-D096BEE22132}.Release|Any CPU.Build.0 = Release|Any CPU
		{DCB53578-F58A-442E-9C7F-FD160482F464}.Debug|Any CPU.ActiveCfg = Debug|Any CPU
		{DCB53578-F58A-442E-9C7F-FD160482F464}.Debug|Any CPU.Build.0 = Debug|Any CPU
		{DCB53578-F58A-442E-9C7F-FD160482F464}.Release|Any CPU.ActiveCfg = Release|Any CPU
		{DCB53578-F58A-442E-9C7F-FD160482F464}.Release|Any CPU.Build.0 = Release|Any CPU
		{7EF2DD1B-4DF6-4265-92A9-C38BED785CA0}.Debug|Any CPU.ActiveCfg = Debug|Any CPU
		{7EF2DD1B-4DF6-4265-92A9-C38BED785CA0}.Debug|Any CPU.Build.0 = Debug|Any CPU
		{7EF2DD1B-4DF6-4265-92A9-C38BED785CA0}.Release|Any CPU.ActiveCfg = Release|Any CPU
		{7EF2DD1B-4DF6-4265-92A9-C38BED785CA0}.Release|Any CPU.Build.0 = Release|Any CPU
		{D0DFE4E5-1CB3-45F0-8819-73BB4E1AEC93}.Debug|Any CPU.ActiveCfg = Debug|Any CPU
		{D0DFE4E5-1CB3-45F0-8819-73BB4E1AEC93}.Debug|Any CPU.Build.0 = Debug|Any CPU
		{D0DFE4E5-1CB3-45F0-8819-73BB4E1AEC93}.Release|Any CPU.ActiveCfg = Release|Any CPU
		{D0DFE4E5-1CB3-45F0-8819-73BB4E1AEC93}.Release|Any CPU.Build.0 = Release|Any CPU
		{352C9CD4-B9D3-4480-A478-53DC3BDE0DD9}.Debug|Any CPU.ActiveCfg = Debug|Any CPU
		{352C9CD4-B9D3-4480-A478-53DC3BDE0DD9}.Debug|Any CPU.Build.0 = Debug|Any CPU
		{352C9CD4-B9D3-4480-A478-53DC3BDE0DD9}.Release|Any CPU.ActiveCfg = Release|Any CPU
		{352C9CD4-B9D3-4480-A478-53DC3BDE0DD9}.Release|Any CPU.Build.0 = Release|Any CPU
		{607C0CBA-B9E2-4A8A-893D-3B363906B33C}.Debug|Any CPU.ActiveCfg = Debug|Any CPU
		{607C0CBA-B9E2-4A8A-893D-3B363906B33C}.Debug|Any CPU.Build.0 = Debug|Any CPU
		{607C0CBA-B9E2-4A8A-893D-3B363906B33C}.Release|Any CPU.ActiveCfg = Release|Any CPU
		{607C0CBA-B9E2-4A8A-893D-3B363906B33C}.Release|Any CPU.Build.0 = Release|Any CPU
		{6BC0ED1A-2053-417D-A233-21E27576BC12}.Debug|Any CPU.ActiveCfg = Debug|Any CPU
		{6BC0ED1A-2053-417D-A233-21E27576BC12}.Debug|Any CPU.Build.0 = Debug|Any CPU
		{6BC0ED1A-2053-417D-A233-21E27576BC12}.Release|Any CPU.ActiveCfg = Release|Any CPU
		{6BC0ED1A-2053-417D-A233-21E27576BC12}.Release|Any CPU.Build.0 = Release|Any CPU
		{623DBEBB-5A4C-480F-8BA0-323AA7E4E6E7}.Debug|Any CPU.ActiveCfg = Debug|Any CPU
		{623DBEBB-5A4C-480F-8BA0-323AA7E4E6E7}.Debug|Any CPU.Build.0 = Debug|Any CPU
		{623DBEBB-5A4C-480F-8BA0-323AA7E4E6E7}.Release|Any CPU.ActiveCfg = Release|Any CPU
		{623DBEBB-5A4C-480F-8BA0-323AA7E4E6E7}.Release|Any CPU.Build.0 = Release|Any CPU
	EndGlobalSection
	GlobalSection(SolutionProperties) = preSolution
		HideSolutionNode = FALSE
	EndGlobalSection
	GlobalSection(NestedProjects) = preSolution
		{63C3432E-B18E-4843-B20F-BA985149B7CC} = {39C0490E-1B72-42C2-8043-A3A398A4E5F8}
		{5A71E63B-51FD-4DAF-BCB0-DA3FE10F18A7} = {39C0490E-1B72-42C2-8043-A3A398A4E5F8}
		{5C37735D-6AC9-437E-B840-C044CE83EB93} = {39C0490E-1B72-42C2-8043-A3A398A4E5F8}
		{378CCCA9-1EB7-4C5F-9699-6AEB6451C74C} = {39C0490E-1B72-42C2-8043-A3A398A4E5F8}
		{A41FF17C-4E04-4838-B7F5-FB8452669B57} = {1251E13E-E3F5-42F1-A998-60D096B86887}
		{DBB4E0D7-9DCE-4D70-93EF-BC7D645C9F9B} = {1251E13E-E3F5-42F1-A998-60D096B86887}
		{B9CE7BE5-6394-4096-AE55-4824502C92E1} = {1251E13E-E3F5-42F1-A998-60D096B86887}
		{CB3DFBF1-56B0-41F6-B744-FFED7E0EFE4E} = {1251E13E-E3F5-42F1-A998-60D096B86887}
		{7C65E95F-251C-49C5-835F-13F578A7E80C} = {1251E13E-E3F5-42F1-A998-60D096B86887}
		{FEBA605A-6E5C-4004-933C-F8B86167F94D} = {63C3432E-B18E-4843-B20F-BA985149B7CC}
		{984C76DC-7773-42C2-B807-E26EFB6758D1} = {5A71E63B-51FD-4DAF-BCB0-DA3FE10F18A7}
		{7C16046C-6DDE-4203-A311-F5B06076E820} = {5C37735D-6AC9-437E-B840-C044CE83EB93}
		{92D60541-C361-46FC-A85F-D096BEE22132} = {378CCCA9-1EB7-4C5F-9699-6AEB6451C74C}
		{9EF721B6-579F-48F6-AC47-F8FEB27694D0} = {39C0490E-1B72-42C2-8043-A3A398A4E5F8}
		{DCB53578-F58A-442E-9C7F-FD160482F464} = {9EF721B6-579F-48F6-AC47-F8FEB27694D0}
		{7EF2DD1B-4DF6-4265-92A9-C38BED785CA0} = {A41FF17C-4E04-4838-B7F5-FB8452669B57}
		{D0DFE4E5-1CB3-45F0-8819-73BB4E1AEC93} = {DBB4E0D7-9DCE-4D70-93EF-BC7D645C9F9B}
		{352C9CD4-B9D3-4480-A478-53DC3BDE0DD9} = {7C65E95F-251C-49C5-835F-13F578A7E80C}
		{607C0CBA-B9E2-4A8A-893D-3B363906B33C} = {B9CE7BE5-6394-4096-AE55-4824502C92E1}
		{6BC0ED1A-2053-417D-A233-21E27576BC12} = {CB3DFBF1-56B0-41F6-B744-FFED7E0EFE4E}
		{DD7CBD93-FC64-4F59-A5BE-D5B5BA96FF8F} = {1251E13E-E3F5-42F1-A998-60D096B86887}
		{623DBEBB-5A4C-480F-8BA0-323AA7E4E6E7} = {DD7CBD93-FC64-4F59-A5BE-D5B5BA96FF8F}
	EndGlobalSection
	GlobalSection(ExtensibilityGlobals) = postSolution
		SolutionGuid = {7835C130-E023-4C0A-B6B8-AA00390EFF9C}
	EndGlobalSection
EndGlobal
