
Microsoft Visual Studio Solution File, Format Version 12.00
# Visual Studio 15
VisualStudioVersion = 15.0.27703.2047
MinimumVisualStudioVersion = 10.0.40219.1
Project("{FAE04EC0-301F-11D3-BF4B-00C04F79EFBC}") = "CSharpREGEX", "REGEX\CSharpREGEX\CSharpREGEX.csproj", "{B2D5EAB4-7C92-44BA-9EC9-3E76C1CAE1A1}"
EndProject
Global
	GlobalSection(SolutionConfigurationPlatforms) = preSolution
		Debug|Any CPU = Debug|Any CPU
		Release|Any CPU = Release|Any CPU
	EndGlobalSection
	GlobalSection(ProjectConfigurationPlatforms) = postSolution
		{B2D5EAB4-7C92-44BA-9EC9-3E76C1CAE1A1}.Debug|Any CPU.ActiveCfg = Debug|Any CPU
		{B2D5EAB4-7C92-44BA-9EC9-3E76C1CAE1A1}.Debug|Any CPU.Build.0 = Debug|Any CPU
		{B2D5EAB4-7C92-44BA-9EC9-3E76C1CAE1A1}.Release|Any CPU.ActiveCfg = Release|Any CPU
		{B2D5EAB4-7C92-44BA-9EC9-3E76C1CAE1A1}.Release|Any CPU.Build.0 = Release|Any CPU
	EndGlobalSection
	GlobalSection(SolutionProperties) = preSolution
		HideSolutionNode = FALSE
	EndGlobalSection
	GlobalSection(ExtensibilityGlobals) = postSolution
		SolutionGuid = {F72A112D-A6F1-4FBF-9058-F8832B05FFC3}
	EndGlobalSection
EndGlobal
